
Microsoft Visual Studio Solution File, Format Version 11.00
# Visual Studio 2010
Project("{FAE04EC0-301F-11D3-BF4B-00C04F79EFBC}") = "Assembly-CSharp", "Assembly-CSharp.csproj", "{BA16AE7B-8B9E-F459-6E2F-7DCD886E8BD1}"
EndProject
Project("{FAE04EC0-301F-11D3-BF4B-00C04F79EFBC}") = "Assembly-CSharp-Editor", "Assembly-CSharp-Editor.csproj", "{D0BE70F5-06CB-8F9A-BCC8-A79AF0052E4B}"
EndProject
Global
	GlobalSection(SolutionConfigurationPlatforms) = preSolution
		Debug|Any CPU = Debug|Any CPU
		Release|Any CPU = Release|Any CPU
	EndGlobalSection
	GlobalSection(ProjectConfigurationPlatforms) = postSolution
		{BA16AE7B-8B9E-F459-6E2F-7DCD886E8BD1}.Debug|Any CPU.ActiveCfg = Debug|Any CPU
		{BA16AE7B-8B9E-F459-6E2F-7DCD886E8BD1}.Debug|Any CPU.Build.0 = Debug|Any CPU
		{BA16AE7B-8B9E-F459-6E2F-7DCD886E8BD1}.Release|Any CPU.ActiveCfg = Release|Any CPU
		{BA16AE7B-8B9E-F459-6E2F-7DCD886E8BD1}.Release|Any CPU.Build.0 = Release|Any CPU
		{D0BE70F5-06CB-8F9A-BCC8-A79AF0052E4B}.Debug|Any CPU.ActiveCfg = Debug|Any CPU
		{D0BE70F5-06CB-8F9A-BCC8-A79AF0052E4B}.Debug|Any CPU.Build.0 = Debug|Any CPU
		{D0BE70F5-06CB-8F9A-BCC8-A79AF0052E4B}.Release|Any CPU.ActiveCfg = Release|Any CPU
		{D0BE70F5-06CB-8F9A-BCC8-A79AF0052E4B}.Release|Any CPU.Build.0 = Release|Any CPU
	EndGlobalSection
	GlobalSection(SolutionProperties) = preSolution
		HideSolutionNode = FALSE
	EndGlobalSection
EndGlobal
